
Microsoft Visual Studio Solution File, Format Version 12.00
# Visual Studio Version 16
VisualStudioVersion = 16.0.28729.10
MinimumVisualStudioVersion = 10.0.40219.1
Project("{FAE04EC0-301F-11D3-BF4B-00C04F79EFBC}") = "AspnetCoreStrreaming", "AspnetCoreStrreaming\AspnetCoreStrreaming.csproj", "{EB1C30A3-2934-496D-9CDB-5FB1D5CD8AB5}"
EndProject
Global
	GlobalSection(SolutionConfigurationPlatforms) = preSolution
		Debug|Any CPU = Debug|Any CPU
		Release|Any CPU = Release|Any CPU
	EndGlobalSection
	GlobalSection(ProjectConfigurationPlatforms) = postSolution
		{EB1C30A3-2934-496D-9CDB-5FB1D5CD8AB5}.Debug|Any CPU.ActiveCfg = Debug|Any CPU
		{EB1C30A3-2934-496D-9CDB-5FB1D5CD8AB5}.Debug|Any CPU.Build.0 = Debug|Any CPU
		{EB1C30A3-2934-496D-9CDB-5FB1D5CD8AB5}.Release|Any CPU.ActiveCfg = Release|Any CPU
		{EB1C30A3-2934-496D-9CDB-5FB1D5CD8AB5}.Release|Any CPU.Build.0 = Release|Any CPU
	EndGlobalSection
	GlobalSection(SolutionProperties) = preSolution
		HideSolutionNode = FALSE
	EndGlobalSection
	GlobalSection(ExtensibilityGlobals) = postSolution
		SolutionGuid = {3A566A1E-A866-4F91-9CD9-2FFC028587B7}
	EndGlobalSection
EndGlobal
